
Microsoft Visual Studio Solution File, Format Version 12.00
# Visual Studio Version 17
VisualStudioVersion = 17.5.33414.496
MinimumVisualStudioVersion = 10.0.40219.1
Project("{FAE04EC0-301F-11D3-BF4B-00C04F79EFBC}") = "bytebank_ADM", "bytebank_ADM.csproj", "{6F6C779C-07EF-4DC8-A928-A40089A3823B}"
EndProject
Global
	GlobalSection(SolutionConfigurationPlatforms) = preSolution
		Debug|Any CPU = Debug|Any CPU
		Release|Any CPU = Release|Any CPU
	EndGlobalSection
	GlobalSection(ProjectConfigurationPlatforms) = postSolution
		{6F6C779C-07EF-4DC8-A928-A40089A3823B}.Debug|Any CPU.ActiveCfg = Debug|Any CPU
		{6F6C779C-07EF-4DC8-A928-A40089A3823B}.Debug|Any CPU.Build.0 = Debug|Any CPU
		{6F6C779C-07EF-4DC8-A928-A40089A3823B}.Release|Any CPU.ActiveCfg = Release|Any CPU
		{6F6C779C-07EF-4DC8-A928-A40089A3823B}.Release|Any CPU.Build.0 = Release|Any CPU
	EndGlobalSection
	GlobalSection(SolutionProperties) = preSolution
		HideSolutionNode = FALSE
	EndGlobalSection
	GlobalSection(ExtensibilityGlobals) = postSolution
		SolutionGuid = {CD1906C3-8D73-413C-9B2E-9E3629915EC8}
	EndGlobalSection
EndGlobal
